github.com/acneism/raft v0.3.11 h1:wR9D9acAhQNmAROPQwQ2dS+Zmwp70+q+I71v8BIvXgA=
github.com/acneism/raft v0.3.11/go.mod h1:PieWV8eV9O0twa2T3BrN013D3yvKF1lySQMVRKY+qp0=
github.com/anishathalye/porcupine v1.3.1 h1:fBZ4/NGNPnIDdd6xNtrNk9/GiEQ0L4FO5+scINN+t0E=
github.com/anishathalye/porcupine v1.3.1/go.mod h1:WM0SsFjWNl2Y4BqHr/E/ll2yY1GY1jqn+W7Z/84Zoog=
